github.com/BurntSushi/toml v1.2.1 h1:9F2/+DoOYIOksmaJFPw1tGFy1eDnIJXg+UHjuD8lTak=
github.com/BurntSushi/toml v1.2.1/go.mod h1:CxXYINrC8qIiEnFrOxCa7Jy5BFHlXnUU2pbicEuybxQ=
github.com/Microsoft/go-winio v0.6.0 h1:slsWYD/zyx7lCXoZVlvQrj0hPTM1HI4+v1sIda2yDvg=
github.com/Microsoft/go-winio v0.6.0/go.mod h1:cTAf44im0RAYeL23bpB+fzCyDH2MJiz2BO69KH/soAE=
github.com/allan-simon/go-singleinstance v0.0.0-20210120080615-d0997106ab37 h1:28uU3TtuvQ6KRndxg9TrC868jBWmSKgh0GTXkACCXmA=
github.com/allan-simon/go-singleinstance v0.0.0-20210120080615-d0997106ab37/go.mod h1:6AXRstqK+32jeFmw89QGL2748+dj34Av4xc/I9oo9BY=
github.com/atotto/clipboard v0.1.4 h1:EH0zSVneZPSuFR11BlR9YppQTVDbh5+16AmcJi4g1z4=
github.com/atotto/clipboard v0.1.4/go.mod h1:ZY9tmq7sm5xIbd9bOK4onWV4S6X0u6GY7Vn0Yu86PYI=
github.com/jstarks/npiperelay v0.1.0 h1:8aE68voJ84WliWZG2UdUTw5YCXiJXETjKZjCAkn9WnU=
github.com/jstarks/npiperelay v0.1.0/go.mod h1:ZFBLGh8o9cdvNwXoN8pRK9MQ7Hp1/xHdJ/lBp2+mP1s=
github.com/rupor-github/gclpr v1.3.5 h1:S1dFG6QGQBFIpE3pzLgWCySnhSc9ajhAcwsDNn34YGk=
github.com/rupor-github/gclpr v1.3.5/go.mod h1:whIG2lWazRb+beM6L7aq9LOTBnr+Fti6oF8/EaB5bzc=
github.com/skratchdot/open-golang v0.0.0-20200116055534-eef842397966 h1:JIAuq3EEf9cgbU6AtGPK4CTG3Zf6CKMNqf0MHTggAUA=
github.com/skratchdot/open-golang v0.0.0-20200116055534-eef842397966/go.mod h1:sUM3LWHvSMaG192sy56D9F7CNvL7jUJVXoqM1QKLnog=
golang.org/x/crypto v0.7.0 h1:AvwMYaRytfdeVt3u6mLaxYtErKYjxA2OXjJ1HHq6t3A=
golang.org/x/crypto v0.7.0/go.mod h1:pYwdfH91IfpZVANVyUOhSIPZaFoJGxTFbZhFTx+dXZU=
golang.org/x/exp/typeparams v0.0.0-20221208152030-732eee02a75a h1:Jw5wfR+h9mnIYH+OtGT2im5wV1YGGDora5vTv/aa5bE=
golang.org/x/exp/typeparams v0.0.0-20221208152030-732eee02a75a/go.mod h1:AbB0pIl9nAr9wVwH+Z2ZpaocVmF5I4GyWCDIsVjR0bk=
golang.org/x/mod v0.7.0 h1:LapD9S96VoQRhi/GrNTqeBJFrUjs5UHCAtTlgwA5oZA=
golang.org/x/mod v0.7.0/go.mod h1:iBbtSCu2XBx23ZKBPSOrRkjjQPZFPuis4dIYUhu/chs=
golang.org/x/sync v0.1.0 h1:wsuoTGHzEhffawBOhz5CYhcrV4IdKZbEyZjBMuTp12o=
golang.org/x/sys v0.0.0-20200625212154-ddb9806d33ae/go.mod h1:h1NjWce9XRLGQEsW7wpKNCjG9DtNlClVuFLEZdDNbEs=
golang.org/x/sys v0.6.0 h1:MVltZSvRTcU2ljQOhs94SXPftV6DCNnZViHeQps87pQ=
golang.org/x/sys v0.6.0/go.mod h1:oPkhp1MJrh7nUepCBck5+mAzfO9JrbApNNgaTdGDITg=
golang.org/x/tools v0.4.1-0.20221208213631-3f74d914ae6d h1:9ZNWAi4CYhNv60mXGgAncgq7SGc5qa7C8VZV8Tg7Ggs=
golang.org/x/tools v0.4.1-0.20221208213631-3f74d914ae6d/go.mod h1:UE5sM2OK9E/d67R0ANs2xJizIymRP5gJU295PvKXxjQ=
honnef.co/go/tools v0.4.2 h1:6qXr+R5w+ktL5UkwEbPp+fEvfyoMPche6GkOpGHZcLc=
honnef.co/go/tools v0.4.2/go.mod h1:36ZgoUOrqOk1GxwHhyryEkq8FQWkUO2xGuSMhUCcdvA=
